
Microsoft Visual Studio Solution File, Format Version 10.00
# Visual Studio 2008
Project("{FAE04EC0-301F-11D3-BF4B-00C04F79EFBC}") = "PlanetTerror", "PlanetTerror.csproj", "{EFF79359-5701-4540-B509-C1EBC3F5BD9D}"
EndProject
Global
	GlobalSection(SolutionConfigurationPlatforms) = preSolution
		Debug|Any CPU = Debug|Any CPU
		Release|Any CPU = Release|Any CPU
	EndGlobalSection
	GlobalSection(ProjectConfigurationPlatforms) = postSolution
		{EFF79359-5701-4540-B509-C1EBC3F5BD9D}.Debug|Any CPU.ActiveCfg = Debug|Any CPU
		{EFF79359-5701-4540-B509-C1EBC3F5BD9D}.Debug|Any CPU.Build.0 = Debug|Any CPU
		{EFF79359-5701-4540-B509-C1EBC3F5BD9D}.Release|Any CPU.ActiveCfg = Release|Any CPU
		{EFF79359-5701-4540-B509-C1EBC3F5BD9D}.Release|Any CPU.Build.0 = Release|Any CPU
	EndGlobalSection
	GlobalSection(SolutionProperties) = preSolution
		HideSolutionNode = FALSE
	EndGlobalSection
EndGlobal
